Microsoft Visual Studio Solution File, Format Version 7.00
Project("{FAE04EC0-301F-11D3-BF4B-00C04F79EFBC}") = "ApplicationIdleDemo", "ApplicationIdleDemo.csproj", "{877B8AAE-F458-458A-AF40-818723D84998}"
EndProject
Global
	GlobalSection(SolutionConfiguration) = preSolution
		ConfigName.0 = Debug
		ConfigName.1 = Release
	EndGlobalSection
	GlobalSection(ProjectDependencies) = postSolution
	EndGlobalSection
	GlobalSection(ProjectConfiguration) = postSolution
		{877B8AAE-F458-458A-AF40-818723D84998}.Debug.ActiveCfg = Debug|.NET
		{877B8AAE-F458-458A-AF40-818723D84998}.Debug.Build.0 = Debug|.NET
		{877B8AAE-F458-458A-AF40-818723D84998}.Release.ActiveCfg = Release|.NET
		{877B8AAE-F458-458A-AF40-818723D84998}.Release.Build.0 = Release|.NET
	EndGlobalSection
	GlobalSection(ExtensibilityGlobals) = postSolution
	EndGlobalSection
	GlobalSection(ExtensibilityAddIns) = postSolution
	EndGlobalSection
EndGlobal
