
Microsoft Visual Studio Solution File, Format Version 10.00
# Visual C# Express 2008
Project("{FAE04EC0-301F-11D3-BF4B-00C04F79EFBC}") = "FTP browser", "FTP browser\FTP browser.csproj", "{FCFD4464-1E30-4096-95CC-F799DE7DF61B}"
EndProject
Project("{FAE04EC0-301F-11D3-BF4B-00C04F79EFBC}") = "ftplib", "G:\Documents\downloads\ftplib-60104\ftplib.csproj", "{2CAE517D-69F1-4228-837A-5F14EB3557C3}"
EndProject
Global
	GlobalSection(SolutionConfigurationPlatforms) = preSolution
		Debug|Any CPU = Debug|Any CPU
		Release|Any CPU = Release|Any CPU
	EndGlobalSection
	GlobalSection(ProjectConfigurationPlatforms) = postSolution
		{FCFD4464-1E30-4096-95CC-F799DE7DF61B}.Debug|Any CPU.ActiveCfg = Debug|Any CPU
		{FCFD4464-1E30-4096-95CC-F799DE7DF61B}.Debug|Any CPU.Build.0 = Debug|Any CPU
		{FCFD4464-1E30-4096-95CC-F799DE7DF61B}.Release|Any CPU.ActiveCfg = Release|Any CPU
		{FCFD4464-1E30-4096-95CC-F799DE7DF61B}.Release|Any CPU.Build.0 = Release|Any CPU
		{2CAE517D-69F1-4228-837A-5F14EB3557C3}.Debug|Any CPU.ActiveCfg = Debug|Any CPU
		{2CAE517D-69F1-4228-837A-5F14EB3557C3}.Debug|Any CPU.Build.0 = Debug|Any CPU
		{2CAE517D-69F1-4228-837A-5F14EB3557C3}.Release|Any CPU.ActiveCfg = Release|Any CPU
		{2CAE517D-69F1-4228-837A-5F14EB3557C3}.Release|Any CPU.Build.0 = Release|Any CPU
	EndGlobalSection
	GlobalSection(SolutionProperties) = preSolution
		HideSolutionNode = FALSE
	EndGlobalSection
EndGlobal
