
Microsoft Visual Studio Solution File, Format Version 11.00
# Visual Studio 2010
Project("{FAE04EC0-301F-11D3-BF4B-00C04F79EFBC}") = "RFT-Replaces", "RFT-Replaces\RFT-Replaces.csproj", "{2747FEBC-4A9D-463A-8CE4-F16ABDC409F4}"
EndProject
Project("{FAE04EC0-301F-11D3-BF4B-00C04F79EFBC}") = "ScreenshotTimer", "ScreenshotTimer\ScreenshotTimer.csproj", "{7BD037F6-4F58-4BCE-8E40-402A708AC75C}"
EndProject
Project("{FAE04EC0-301F-11D3-BF4B-00C04F79EFBC}") = "XmlParsersAndUi", "XmlParsersAndUi\XmlParsersAndUi.csproj", "{AD250399-6753-41B2-8B73-573F466EDBE6}"
EndProject
Project("{FAE04EC0-301F-11D3-BF4B-00C04F79EFBC}") = "DifferenceEngine", "..\TextDiff\DifferenceEngine\DifferenceEngine.csproj", "{8AE4897A-EA74-49B1-BA55-D892C27AF9C9}"
EndProject
Project("{FAE04EC0-301F-11D3-BF4B-00C04F79EFBC}") = "sharpSsh", "..\sharpSsh\sharpSsh.csproj", "{D27CF69D-4681-492A-BE4D-D3D209104423}"
EndProject
Project("{FAE04EC0-301F-11D3-BF4B-00C04F79EFBC}") = "WindowsApplication1", "..\WindowsApplication1\WindowsApplication1.csproj", "{9FCBF437-E902-4E83-B8C6-D20EF506C89D}"
EndProject
Project("{FAE04EC0-301F-11D3-BF4B-00C04F79EFBC}") = "StarRatingControl", "..\StarRatingControl\StarRatingControl.csproj", "{4F9EA4F5-182C-4402-B21C-CB8EB96DE958}"
EndProject
Project("{FAE04EC0-301F-11D3-BF4B-00C04F79EFBC}") = "SearchableControls", "..\SearchableControls\SearchableControls.csproj", "{45A3F930-1A71-4B5D-905A-2CD1DD700EF6}"
EndProject
Project("{FAE04EC0-301F-11D3-BF4B-00C04F79EFBC}") = "SearchableControlsDemo", "..\SearchableControlsDemo\SearchableControlsDemo.csproj", "{B6AEEF15-9B75-4E1A-83B2-04D4CB43DA44}"
EndProject
Project("{FAE04EC0-301F-11D3-BF4B-00C04F79EFBC}") = "ProgressCircle", "..\ProgressCircle\ProgressCircle\ProgressCircle.csproj", "{279C7A4A-F932-4D73-8A4E-E3D7E2E50357}"
EndProject
Project("{FAE04EC0-301F-11D3-BF4B-00C04F79EFBC}") = "SharpSSHLib", "..\SharpSSHLibrary\SharpSSH\SharpSSHLib.csproj", "{C95B2656-9801-44E6-937E-8AFA20FB0F05}"
EndProject
Project("{FAE04EC0-301F-11D3-BF4B-00C04F79EFBC}") = "MacroJoiner", "MacroJoiner\MacroJoiner.csproj", "{1FD81886-6E8C-453F-B038-3695716189BD}"
EndProject
Project("{FAE04EC0-301F-11D3-BF4B-00C04F79EFBC}") = "TabCtrl", "TabControl_Demo\TabCtrl\TabCtrl.csproj", "{12E470D6-9B68-4226-AE77-667636B28026}"
EndProject
Project("{FAE04EC0-301F-11D3-BF4B-00C04F79EFBC}") = "TDHTabCtl", "TdhTabCtl_src\TDHTabCtl\TDHTabCtl.csproj", "{F5B9AE2B-F83E-4A20-A4ED-89A9A39B1A54}"
EndProject
Project("{FAE04EC0-301F-11D3-BF4B-00C04F79EFBC}") = "PackageGenerator", "PackageGenerator\PackageGenerator.csproj", "{0641C6DB-46CF-48F2-BA91-80A07084890F}"
EndProject
Project("{FAE04EC0-301F-11D3-BF4B-00C04F79EFBC}") = "Automation.Common", "Automation.Common\Automation.Common.csproj", "{F2CA3F3F-B7AE-4378-B4B6-B0BA9903C67D}"
EndProject
Project("{FAE04EC0-301F-11D3-BF4B-00C04F79EFBC}") = "Automation.Backend", "Automation.Backend\Automation.Backend.csproj", "{6350A836-106C-4C78-A6B2-A7C14D560D90}"
EndProject
Global
	GlobalSection(SolutionConfigurationPlatforms) = preSolution
		Debug|Any CPU = Debug|Any CPU
		Debug|x86 = Debug|x86
		Release|Any CPU = Release|Any CPU
		Release|x86 = Release|x86
	EndGlobalSection
	GlobalSection(ProjectConfigurationPlatforms) = postSolution
		{2747FEBC-4A9D-463A-8CE4-F16ABDC409F4}.Debug|Any CPU.ActiveCfg = Debug|Any CPU
		{2747FEBC-4A9D-463A-8CE4-F16ABDC409F4}.Debug|Any CPU.Build.0 = Debug|Any CPU
		{2747FEBC-4A9D-463A-8CE4-F16ABDC409F4}.Debug|x86.ActiveCfg = Debug|Any CPU
		{2747FEBC-4A9D-463A-8CE4-F16ABDC409F4}.Release|Any CPU.ActiveCfg = Release|Any CPU
		{2747FEBC-4A9D-463A-8CE4-F16ABDC409F4}.Release|Any CPU.Build.0 = Release|Any CPU
		{2747FEBC-4A9D-463A-8CE4-F16ABDC409F4}.Release|x86.ActiveCfg = Release|Any CPU
		{7BD037F6-4F58-4BCE-8E40-402A708AC75C}.Debug|Any CPU.ActiveCfg = Debug|Any CPU
		{7BD037F6-4F58-4BCE-8E40-402A708AC75C}.Debug|Any CPU.Build.0 = Debug|Any CPU
		{7BD037F6-4F58-4BCE-8E40-402A708AC75C}.Debug|x86.ActiveCfg = Debug|Any CPU
		{7BD037F6-4F58-4BCE-8E40-402A708AC75C}.Release|Any CPU.ActiveCfg = Release|Any CPU
		{7BD037F6-4F58-4BCE-8E40-402A708AC75C}.Release|Any CPU.Build.0 = Release|Any CPU
		{7BD037F6-4F58-4BCE-8E40-402A708AC75C}.Release|x86.ActiveCfg = Release|Any CPU
		{AD250399-6753-41B2-8B73-573F466EDBE6}.Debug|Any CPU.ActiveCfg = Debug|Any CPU
		{AD250399-6753-41B2-8B73-573F466EDBE6}.Debug|Any CPU.Build.0 = Debug|Any CPU
		{AD250399-6753-41B2-8B73-573F466EDBE6}.Debug|x86.ActiveCfg = Debug|x86
		{AD250399-6753-41B2-8B73-573F466EDBE6}.Release|Any CPU.ActiveCfg = Release|Any CPU
		{AD250399-6753-41B2-8B73-573F466EDBE6}.Release|Any CPU.Build.0 = Release|Any CPU
		{AD250399-6753-41B2-8B73-573F466EDBE6}.Release|x86.ActiveCfg = Release|x86
		{8AE4897A-EA74-49B1-BA55-D892C27AF9C9}.Debug|Any CPU.ActiveCfg = Debug|Any CPU
		{8AE4897A-EA74-49B1-BA55-D892C27AF9C9}.Debug|Any CPU.Build.0 = Debug|Any CPU
		{8AE4897A-EA74-49B1-BA55-D892C27AF9C9}.Debug|x86.ActiveCfg = Debug|Any CPU
		{8AE4897A-EA74-49B1-BA55-D892C27AF9C9}.Release|Any CPU.ActiveCfg = Release|Any CPU
		{8AE4897A-EA74-49B1-BA55-D892C27AF9C9}.Release|Any CPU.Build.0 = Release|Any CPU
		{8AE4897A-EA74-49B1-BA55-D892C27AF9C9}.Release|x86.ActiveCfg = Release|Any CPU
		{D27CF69D-4681-492A-BE4D-D3D209104423}.Debug|Any CPU.ActiveCfg = Debug|Any CPU
		{D27CF69D-4681-492A-BE4D-D3D209104423}.Debug|Any CPU.Build.0 = Debug|Any CPU
		{D27CF69D-4681-492A-BE4D-D3D209104423}.Debug|x86.ActiveCfg = Debug|Any CPU
		{D27CF69D-4681-492A-BE4D-D3D209104423}.Release|Any CPU.ActiveCfg = Release|Any CPU
		{D27CF69D-4681-492A-BE4D-D3D209104423}.Release|Any CPU.Build.0 = Release|Any CPU
		{D27CF69D-4681-492A-BE4D-D3D209104423}.Release|x86.ActiveCfg = Release|Any CPU
		{9FCBF437-E902-4E83-B8C6-D20EF506C89D}.Debug|Any CPU.ActiveCfg = Debug|Any CPU
		{9FCBF437-E902-4E83-B8C6-D20EF506C89D}.Debug|Any CPU.Build.0 = Debug|Any CPU
		{9FCBF437-E902-4E83-B8C6-D20EF506C89D}.Debug|x86.ActiveCfg = Debug|Any CPU
		{9FCBF437-E902-4E83-B8C6-D20EF506C89D}.Release|Any CPU.ActiveCfg = Release|Any CPU
		{9FCBF437-E902-4E83-B8C6-D20EF506C89D}.Release|Any CPU.Build.0 = Release|Any CPU
		{9FCBF437-E902-4E83-B8C6-D20EF506C89D}.Release|x86.ActiveCfg = Release|Any CPU
		{4F9EA4F5-182C-4402-B21C-CB8EB96DE958}.Debug|Any CPU.ActiveCfg = Debug|Any CPU
		{4F9EA4F5-182C-4402-B21C-CB8EB96DE958}.Debug|Any CPU.Build.0 = Debug|Any CPU
		{4F9EA4F5-182C-4402-B21C-CB8EB96DE958}.Debug|x86.ActiveCfg = Debug|Any CPU
		{4F9EA4F5-182C-4402-B21C-CB8EB96DE958}.Release|Any CPU.ActiveCfg = Release|Any CPU
		{4F9EA4F5-182C-4402-B21C-CB8EB96DE958}.Release|Any CPU.Build.0 = Release|Any CPU
		{4F9EA4F5-182C-4402-B21C-CB8EB96DE958}.Release|x86.ActiveCfg = Release|Any CPU
		{45A3F930-1A71-4B5D-905A-2CD1DD700EF6}.Debug|Any CPU.ActiveCfg = Debug|Any CPU
		{45A3F930-1A71-4B5D-905A-2CD1DD700EF6}.Debug|Any CPU.Build.0 = Debug|Any CPU
		{45A3F930-1A71-4B5D-905A-2CD1DD700EF6}.Debug|x86.ActiveCfg = Debug|Any CPU
		{45A3F930-1A71-4B5D-905A-2CD1DD700EF6}.Release|Any CPU.ActiveCfg = Release|Any CPU
		{45A3F930-1A71-4B5D-905A-2CD1DD700EF6}.Release|Any CPU.Build.0 = Release|Any CPU
		{45A3F930-1A71-4B5D-905A-2CD1DD700EF6}.Release|x86.ActiveCfg = Release|Any CPU
		{B6AEEF15-9B75-4E1A-83B2-04D4CB43DA44}.Debug|Any CPU.ActiveCfg = Debug|Any CPU
		{B6AEEF15-9B75-4E1A-83B2-04D4CB43DA44}.Debug|Any CPU.Build.0 = Debug|Any CPU
		{B6AEEF15-9B75-4E1A-83B2-04D4CB43DA44}.Debug|x86.ActiveCfg = Debug|Any CPU
		{B6AEEF15-9B75-4E1A-83B2-04D4CB43DA44}.Release|Any CPU.ActiveCfg = Release|Any CPU
		{B6AEEF15-9B75-4E1A-83B2-04D4CB43DA44}.Release|Any CPU.Build.0 = Release|Any CPU
		{B6AEEF15-9B75-4E1A-83B2-04D4CB43DA44}.Release|x86.ActiveCfg = Release|Any CPU
		{279C7A4A-F932-4D73-8A4E-E3D7E2E50357}.Debug|Any CPU.ActiveCfg = Debug|Any CPU
		{279C7A4A-F932-4D73-8A4E-E3D7E2E50357}.Debug|Any CPU.Build.0 = Debug|Any CPU
		{279C7A4A-F932-4D73-8A4E-E3D7E2E50357}.Debug|x86.ActiveCfg = Debug|Any CPU
		{279C7A4A-F932-4D73-8A4E-E3D7E2E50357}.Release|Any CPU.ActiveCfg = Release|Any CPU
		{279C7A4A-F932-4D73-8A4E-E3D7E2E50357}.Release|Any CPU.Build.0 = Release|Any CPU
		{279C7A4A-F932-4D73-8A4E-E3D7E2E50357}.Release|x86.ActiveCfg = Release|Any CPU
		{C95B2656-9801-44E6-937E-8AFA20FB0F05}.Debug|Any CPU.ActiveCfg = Debug|Any CPU
		{C95B2656-9801-44E6-937E-8AFA20FB0F05}.Debug|Any CPU.Build.0 = Debug|Any CPU
		{C95B2656-9801-44E6-937E-8AFA20FB0F05}.Debug|x86.ActiveCfg = Debug|Any CPU
		{C95B2656-9801-44E6-937E-8AFA20FB0F05}.Release|Any CPU.ActiveCfg = Release|Any CPU
		{C95B2656-9801-44E6-937E-8AFA20FB0F05}.Release|Any CPU.Build.0 = Release|Any CPU
		{C95B2656-9801-44E6-937E-8AFA20FB0F05}.Release|x86.ActiveCfg = Release|Any CPU
		{1FD81886-6E8C-453F-B038-3695716189BD}.Debug|Any CPU.ActiveCfg = Debug|Any CPU
		{1FD81886-6E8C-453F-B038-3695716189BD}.Debug|Any CPU.Build.0 = Debug|Any CPU
		{1FD81886-6E8C-453F-B038-3695716189BD}.Debug|x86.ActiveCfg = Debug|Any CPU
		{1FD81886-6E8C-453F-B038-3695716189BD}.Release|Any CPU.ActiveCfg = Release|Any CPU
		{1FD81886-6E8C-453F-B038-3695716189BD}.Release|Any CPU.Build.0 = Release|Any CPU
		{1FD81886-6E8C-453F-B038-3695716189BD}.Release|x86.ActiveCfg = Release|Any CPU
		{12E470D6-9B68-4226-AE77-667636B28026}.Debug|Any CPU.ActiveCfg = Debug|Any CPU
		{12E470D6-9B68-4226-AE77-667636B28026}.Debug|Any CPU.Build.0 = Debug|Any CPU
		{12E470D6-9B68-4226-AE77-667636B28026}.Debug|x86.ActiveCfg = Debug|Any CPU
		{12E470D6-9B68-4226-AE77-667636B28026}.Release|Any CPU.ActiveCfg = Release|Any CPU
		{12E470D6-9B68-4226-AE77-667636B28026}.Release|Any CPU.Build.0 = Release|Any CPU
		{12E470D6-9B68-4226-AE77-667636B28026}.Release|x86.ActiveCfg = Release|Any CPU
		{F5B9AE2B-F83E-4A20-A4ED-89A9A39B1A54}.Debug|Any CPU.ActiveCfg = Debug|Any CPU
		{F5B9AE2B-F83E-4A20-A4ED-89A9A39B1A54}.Debug|Any CPU.Build.0 = Debug|Any CPU
		{F5B9AE2B-F83E-4A20-A4ED-89A9A39B1A54}.Debug|x86.ActiveCfg = Debug|Any CPU
		{F5B9AE2B-F83E-4A20-A4ED-89A9A39B1A54}.Release|Any CPU.ActiveCfg = Release|Any CPU
		{F5B9AE2B-F83E-4A20-A4ED-89A9A39B1A54}.Release|Any CPU.Build.0 = Release|Any CPU
		{F5B9AE2B-F83E-4A20-A4ED-89A9A39B1A54}.Release|x86.ActiveCfg = Release|Any CPU
		{0641C6DB-46CF-48F2-BA91-80A07084890F}.Debug|Any CPU.ActiveCfg = Debug|Any CPU
		{0641C6DB-46CF-48F2-BA91-80A07084890F}.Debug|Any CPU.Build.0 = Debug|Any CPU
		{0641C6DB-46CF-48F2-BA91-80A07084890F}.Debug|x86.ActiveCfg = Debug|x86
		{0641C6DB-46CF-48F2-BA91-80A07084890F}.Release|Any CPU.ActiveCfg = Release|Any CPU
		{0641C6DB-46CF-48F2-BA91-80A07084890F}.Release|Any CPU.Build.0 = Release|Any CPU
		{0641C6DB-46CF-48F2-BA91-80A07084890F}.Release|x86.ActiveCfg = Release|x86
		{F2CA3F3F-B7AE-4378-B4B6-B0BA9903C67D}.Debug|Any CPU.ActiveCfg = Debug|Any CPU
		{F2CA3F3F-B7AE-4378-B4B6-B0BA9903C67D}.Debug|Any CPU.Build.0 = Debug|Any CPU
		{F2CA3F3F-B7AE-4378-B4B6-B0BA9903C67D}.Debug|x86.ActiveCfg = Debug|x86
		{F2CA3F3F-B7AE-4378-B4B6-B0BA9903C67D}.Release|Any CPU.ActiveCfg = Release|Any CPU
		{F2CA3F3F-B7AE-4378-B4B6-B0BA9903C67D}.Release|Any CPU.Build.0 = Release|Any CPU
		{F2CA3F3F-B7AE-4378-B4B6-B0BA9903C67D}.Release|x86.ActiveCfg = Debug|x86
		{6350A836-106C-4C78-A6B2-A7C14D560D90}.Debug|Any CPU.ActiveCfg = Debug|Any CPU
		{6350A836-106C-4C78-A6B2-A7C14D560D90}.Debug|Any CPU.Build.0 = Debug|Any CPU
		{6350A836-106C-4C78-A6B2-A7C14D560D90}.Debug|x86.ActiveCfg = Debug|x86
		{6350A836-106C-4C78-A6B2-A7C14D560D90}.Release|Any CPU.ActiveCfg = Release|Any CPU
		{6350A836-106C-4C78-A6B2-A7C14D560D90}.Release|Any CPU.Build.0 = Release|Any CPU
		{6350A836-106C-4C78-A6B2-A7C14D560D90}.Release|x86.ActiveCfg = Debug|x86
	EndGlobalSection
	GlobalSection(SolutionProperties) = preSolution
		HideSolutionNode = FALSE
	EndGlobalSection
EndGlobal
