
Microsoft Visual Studio Solution File, Format Version 10.00
# Visual Studio 2008
# SharpDevelop 4.2.1.8805
Project("{FAE04EC0-301F-11D3-BF4B-00C04F79EFBC}") = "RFT-Replaces", "RFT-Replaces\RFT-Replaces.csproj", "{2747FEBC-4A9D-463A-8CE4-F16ABDC409F4}"
EndProject
Project("{FAE04EC0-301F-11D3-BF4B-00C04F79EFBC}") = "GlobalHookDemo", "..\GlobalHookDemo.csproj", "{F52AA97E-180A-40ED-8F2B-09080171D6C7}"
EndProject
Project("{FAE04EC0-301F-11D3-BF4B-00C04F79EFBC}") = "XmlParsersAndUi", "XmlParsersAndUi\XmlParsersAndUi.csproj", "{AD250399-6753-41B2-8B73-573F466EDBE6}"
EndProject
Project("{FAE04EC0-301F-11D3-BF4B-00C04F79EFBC}") = "DragDrop", "DragDrop\DragDrop.csproj", "{55B44B86-99FF-4FF0-A7CC-E4FB36E8A0ED}"
EndProject
Project("{FAE04EC0-301F-11D3-BF4B-00C04F79EFBC}") = "sharpSsh", "..\sharpSsh\sharpSsh.csproj", "{D27CF69D-4681-492A-BE4D-D3D209104423}"
EndProject
Project("{FAE04EC0-301F-11D3-BF4B-00C04F79EFBC}") = "StarRatingControl", "..\StarRatingControl\StarRatingControl.csproj", "{4F9EA4F5-182C-4402-B21C-CB8EB96DE958}"
EndProject
Project("{FAE04EC0-301F-11D3-BF4B-00C04F79EFBC}") = "SearchableControls", "..\SearchableControls\SearchableControls.csproj", "{45A3F930-1A71-4B5D-905A-2CD1DD700EF6}"
EndProject
Project("{FAE04EC0-301F-11D3-BF4B-00C04F79EFBC}") = "ProgressCircle", "..\ProgressCircle\ProgressCircle\ProgressCircle.csproj", "{279C7A4A-F932-4D73-8A4E-E3D7E2E50357}"
EndProject
Project("{FAE04EC0-301F-11D3-BF4B-00C04F79EFBC}") = "SharpSSHLib", "..\SharpSSHLibrary\SharpSSH\SharpSSHLib.csproj", "{C95B2656-9801-44E6-937E-8AFA20FB0F05}"
EndProject
Project("{FAE04EC0-301F-11D3-BF4B-00C04F79EFBC}") = "MacroJoiner", "MacroJoiner\MacroJoiner.csproj", "{1FD81886-6E8C-453F-B038-3695716189BD}"
EndProject
Project("{FAE04EC0-301F-11D3-BF4B-00C04F79EFBC}") = "PackageGenerator", "PackageGenerator\PackageGenerator.csproj", "{0641C6DB-46CF-48F2-BA91-80A07084890F}"
EndProject
Project("{FAE04EC0-301F-11D3-BF4B-00C04F79EFBC}") = "Automation.Common", "Automation.Common\Automation.Common.csproj", "{F2CA3F3F-B7AE-4378-B4B6-B0BA9903C67D}"
EndProject
Project("{FAE04EC0-301F-11D3-BF4B-00C04F79EFBC}") = "Automation.Backend", "Automation.Backend\Automation.Backend.csproj", "{6350A836-106C-4C78-A6B2-A7C14D560D90}"
EndProject
Project("{FAE04EC0-301F-11D3-BF4B-00C04F79EFBC}") = "ICSharpCode.TextEditor", "D:\documents\Open-Source\ICSharpCode.TextEditor\ICSharpCode.TextEditor\Project\ICSharpCode.TextEditor.csproj", "{2D18BE89-D210-49EB-A9DD-2246FBB3DF6D}"
EndProject
Global
	GlobalSection(SolutionConfigurationPlatforms) = preSolution
		Debug|Any CPU = Debug|Any CPU
		Debug|x86 = Debug|x86
		Release|Any CPU = Release|Any CPU
		Release|x86 = Release|x86
		Release Secure|Any CPU = Release Secure|Any CPU
		Release Secure|x86 = Release Secure|x86
	EndGlobalSection
	GlobalSection(ProjectConfigurationPlatforms) = postSolution
		{2747FEBC-4A9D-463A-8CE4-F16ABDC409F4}.Debug|Any CPU.ActiveCfg = Debug|Any CPU
		{2747FEBC-4A9D-463A-8CE4-F16ABDC409F4}.Debug|Any CPU.Build.0 = Debug|Any CPU
		{2747FEBC-4A9D-463A-8CE4-F16ABDC409F4}.Debug|x86.ActiveCfg = Debug|Any CPU
		{2747FEBC-4A9D-463A-8CE4-F16ABDC409F4}.Release|Any CPU.ActiveCfg = Release|Any CPU
		{2747FEBC-4A9D-463A-8CE4-F16ABDC409F4}.Release|Any CPU.Build.0 = Release|Any CPU
		{2747FEBC-4A9D-463A-8CE4-F16ABDC409F4}.Release|x86.ActiveCfg = Release|Any CPU
		{F52AA97E-180A-40ED-8F2B-09080171D6C7}.Debug|Any CPU.ActiveCfg = Debug|Any CPU
		{F52AA97E-180A-40ED-8F2B-09080171D6C7}.Debug|Any CPU.Build.0 = Debug|Any CPU
		{F52AA97E-180A-40ED-8F2B-09080171D6C7}.Debug|x86.ActiveCfg = Debug|Any CPU
		{F52AA97E-180A-40ED-8F2B-09080171D6C7}.Release|Any CPU.ActiveCfg = Release|Any CPU
		{F52AA97E-180A-40ED-8F2B-09080171D6C7}.Release|Any CPU.Build.0 = Release|Any CPU
		{F52AA97E-180A-40ED-8F2B-09080171D6C7}.Release|x86.ActiveCfg = Release|Any CPU
		{AD250399-6753-41B2-8B73-573F466EDBE6}.Debug|Any CPU.ActiveCfg = Debug|Any CPU
		{AD250399-6753-41B2-8B73-573F466EDBE6}.Debug|Any CPU.Build.0 = Debug|Any CPU
		{AD250399-6753-41B2-8B73-573F466EDBE6}.Debug|x86.ActiveCfg = Debug|x86
		{AD250399-6753-41B2-8B73-573F466EDBE6}.Release|Any CPU.ActiveCfg = Release|Any CPU
		{AD250399-6753-41B2-8B73-573F466EDBE6}.Release|Any CPU.Build.0 = Release|Any CPU
		{AD250399-6753-41B2-8B73-573F466EDBE6}.Release|x86.ActiveCfg = Release|x86
		{55B44B86-99FF-4FF0-A7CC-E4FB36E8A0ED}.Debug|Any CPU.ActiveCfg = Debug|Any CPU
		{55B44B86-99FF-4FF0-A7CC-E4FB36E8A0ED}.Debug|Any CPU.Build.0 = Debug|Any CPU
		{55B44B86-99FF-4FF0-A7CC-E4FB36E8A0ED}.Debug|x86.ActiveCfg = Debug|Any CPU
		{55B44B86-99FF-4FF0-A7CC-E4FB36E8A0ED}.Release|Any CPU.ActiveCfg = Release|Any CPU
		{55B44B86-99FF-4FF0-A7CC-E4FB36E8A0ED}.Release|Any CPU.Build.0 = Release|Any CPU
		{55B44B86-99FF-4FF0-A7CC-E4FB36E8A0ED}.Release|x86.ActiveCfg = Release|Any CPU
		{D27CF69D-4681-492A-BE4D-D3D209104423}.Debug|Any CPU.ActiveCfg = Debug|Any CPU
		{D27CF69D-4681-492A-BE4D-D3D209104423}.Debug|Any CPU.Build.0 = Debug|Any CPU
		{D27CF69D-4681-492A-BE4D-D3D209104423}.Debug|x86.ActiveCfg = Debug|Any CPU
		{D27CF69D-4681-492A-BE4D-D3D209104423}.Release|Any CPU.ActiveCfg = Release|Any CPU
		{D27CF69D-4681-492A-BE4D-D3D209104423}.Release|Any CPU.Build.0 = Release|Any CPU
		{D27CF69D-4681-492A-BE4D-D3D209104423}.Release|x86.ActiveCfg = Release|Any CPU
		{4F9EA4F5-182C-4402-B21C-CB8EB96DE958}.Debug|Any CPU.ActiveCfg = Debug|Any CPU
		{4F9EA4F5-182C-4402-B21C-CB8EB96DE958}.Debug|Any CPU.Build.0 = Debug|Any CPU
		{4F9EA4F5-182C-4402-B21C-CB8EB96DE958}.Debug|x86.ActiveCfg = Debug|Any CPU
		{4F9EA4F5-182C-4402-B21C-CB8EB96DE958}.Release|Any CPU.ActiveCfg = Release|Any CPU
		{4F9EA4F5-182C-4402-B21C-CB8EB96DE958}.Release|Any CPU.Build.0 = Release|Any CPU
		{4F9EA4F5-182C-4402-B21C-CB8EB96DE958}.Release|x86.ActiveCfg = Release|Any CPU
		{45A3F930-1A71-4B5D-905A-2CD1DD700EF6}.Debug|Any CPU.ActiveCfg = Debug|Any CPU
		{45A3F930-1A71-4B5D-905A-2CD1DD700EF6}.Debug|Any CPU.Build.0 = Debug|Any CPU
		{45A3F930-1A71-4B5D-905A-2CD1DD700EF6}.Debug|x86.ActiveCfg = Debug|Any CPU
		{45A3F930-1A71-4B5D-905A-2CD1DD700EF6}.Release|Any CPU.ActiveCfg = Release|Any CPU
		{45A3F930-1A71-4B5D-905A-2CD1DD700EF6}.Release|Any CPU.Build.0 = Release|Any CPU
		{45A3F930-1A71-4B5D-905A-2CD1DD700EF6}.Release|x86.ActiveCfg = Release|Any CPU
		{279C7A4A-F932-4D73-8A4E-E3D7E2E50357}.Debug|Any CPU.ActiveCfg = Debug|Any CPU
		{279C7A4A-F932-4D73-8A4E-E3D7E2E50357}.Debug|Any CPU.Build.0 = Debug|Any CPU
		{279C7A4A-F932-4D73-8A4E-E3D7E2E50357}.Debug|x86.ActiveCfg = Debug|Any CPU
		{279C7A4A-F932-4D73-8A4E-E3D7E2E50357}.Release|Any CPU.ActiveCfg = Release|Any CPU
		{279C7A4A-F932-4D73-8A4E-E3D7E2E50357}.Release|Any CPU.Build.0 = Release|Any CPU
		{279C7A4A-F932-4D73-8A4E-E3D7E2E50357}.Release|x86.ActiveCfg = Release|Any CPU
		{C95B2656-9801-44E6-937E-8AFA20FB0F05}.Debug|Any CPU.ActiveCfg = Debug|Any CPU
		{C95B2656-9801-44E6-937E-8AFA20FB0F05}.Debug|Any CPU.Build.0 = Debug|Any CPU
		{C95B2656-9801-44E6-937E-8AFA20FB0F05}.Debug|x86.ActiveCfg = Debug|Any CPU
		{C95B2656-9801-44E6-937E-8AFA20FB0F05}.Release|Any CPU.ActiveCfg = Release|Any CPU
		{C95B2656-9801-44E6-937E-8AFA20FB0F05}.Release|Any CPU.Build.0 = Release|Any CPU
		{C95B2656-9801-44E6-937E-8AFA20FB0F05}.Release|x86.ActiveCfg = Release|x86
		{1FD81886-6E8C-453F-B038-3695716189BD}.Debug|Any CPU.ActiveCfg = Debug|Any CPU
		{1FD81886-6E8C-453F-B038-3695716189BD}.Debug|Any CPU.Build.0 = Debug|Any CPU
		{1FD81886-6E8C-453F-B038-3695716189BD}.Debug|x86.ActiveCfg = Debug|Any CPU
		{1FD81886-6E8C-453F-B038-3695716189BD}.Release|Any CPU.ActiveCfg = Release|Any CPU
		{1FD81886-6E8C-453F-B038-3695716189BD}.Release|Any CPU.Build.0 = Release|Any CPU
		{1FD81886-6E8C-453F-B038-3695716189BD}.Release|x86.ActiveCfg = Release|Any CPU
		{0641C6DB-46CF-48F2-BA91-80A07084890F}.Debug|Any CPU.ActiveCfg = Debug|Any CPU
		{0641C6DB-46CF-48F2-BA91-80A07084890F}.Debug|Any CPU.Build.0 = Debug|Any CPU
		{0641C6DB-46CF-48F2-BA91-80A07084890F}.Debug|x86.ActiveCfg = Debug|x86
		{0641C6DB-46CF-48F2-BA91-80A07084890F}.Release|Any CPU.ActiveCfg = Release|Any CPU
		{0641C6DB-46CF-48F2-BA91-80A07084890F}.Release|Any CPU.Build.0 = Release|Any CPU
		{0641C6DB-46CF-48F2-BA91-80A07084890F}.Release|x86.ActiveCfg = Release|x86
		{F2CA3F3F-B7AE-4378-B4B6-B0BA9903C67D}.Debug|Any CPU.ActiveCfg = Debug|Any CPU
		{F2CA3F3F-B7AE-4378-B4B6-B0BA9903C67D}.Debug|Any CPU.Build.0 = Debug|Any CPU
		{F2CA3F3F-B7AE-4378-B4B6-B0BA9903C67D}.Debug|x86.ActiveCfg = Debug|x86
		{F2CA3F3F-B7AE-4378-B4B6-B0BA9903C67D}.Release|Any CPU.ActiveCfg = Release|Any CPU
		{F2CA3F3F-B7AE-4378-B4B6-B0BA9903C67D}.Release|Any CPU.Build.0 = Release|Any CPU
		{F2CA3F3F-B7AE-4378-B4B6-B0BA9903C67D}.Release|x86.ActiveCfg = Debug|x86
		{6350A836-106C-4C78-A6B2-A7C14D560D90}.Debug|Any CPU.ActiveCfg = Debug|Any CPU
		{6350A836-106C-4C78-A6B2-A7C14D560D90}.Debug|Any CPU.Build.0 = Debug|Any CPU
		{6350A836-106C-4C78-A6B2-A7C14D560D90}.Debug|x86.ActiveCfg = Debug|x86
		{6350A836-106C-4C78-A6B2-A7C14D560D90}.Release|Any CPU.ActiveCfg = Release|Any CPU
		{6350A836-106C-4C78-A6B2-A7C14D560D90}.Release|Any CPU.Build.0 = Release|Any CPU
		{6350A836-106C-4C78-A6B2-A7C14D560D90}.Release|x86.ActiveCfg = Debug|x86
		{6350A836-106C-4C78-A6B2-A7C14D560D90}.Release Secure|Any CPU.Build.0 = Release Secure|Any CPU
		{6350A836-106C-4C78-A6B2-A7C14D560D90}.Release Secure|Any CPU.ActiveCfg = Release Secure|Any CPU
		{F2CA3F3F-B7AE-4378-B4B6-B0BA9903C67D}.Release Secure|Any CPU.Build.0 = Release Secure|Any CPU
		{F2CA3F3F-B7AE-4378-B4B6-B0BA9903C67D}.Release Secure|Any CPU.ActiveCfg = Release Secure|Any CPU
		{0641C6DB-46CF-48F2-BA91-80A07084890F}.Release Secure|Any CPU.Build.0 = Release Secure|Any CPU
		{0641C6DB-46CF-48F2-BA91-80A07084890F}.Release Secure|Any CPU.ActiveCfg = Release Secure|Any CPU
		{1FD81886-6E8C-453F-B038-3695716189BD}.Release Secure|Any CPU.Build.0 = Release Secure|Any CPU
		{1FD81886-6E8C-453F-B038-3695716189BD}.Release Secure|Any CPU.ActiveCfg = Release Secure|Any CPU
		{C95B2656-9801-44E6-937E-8AFA20FB0F05}.Release Secure|Any CPU.Build.0 = Release Secure|Any CPU
		{C95B2656-9801-44E6-937E-8AFA20FB0F05}.Release Secure|Any CPU.ActiveCfg = Release Secure|Any CPU
		{279C7A4A-F932-4D73-8A4E-E3D7E2E50357}.Release Secure|Any CPU.Build.0 = Release Secure|Any CPU
		{279C7A4A-F932-4D73-8A4E-E3D7E2E50357}.Release Secure|Any CPU.ActiveCfg = Release Secure|Any CPU
		{45A3F930-1A71-4B5D-905A-2CD1DD700EF6}.Release Secure|Any CPU.Build.0 = Release Secure|Any CPU
		{45A3F930-1A71-4B5D-905A-2CD1DD700EF6}.Release Secure|Any CPU.ActiveCfg = Release Secure|Any CPU
		{4F9EA4F5-182C-4402-B21C-CB8EB96DE958}.Release Secure|Any CPU.Build.0 = Release Secure|Any CPU
		{4F9EA4F5-182C-4402-B21C-CB8EB96DE958}.Release Secure|Any CPU.ActiveCfg = Release Secure|Any CPU
		{D27CF69D-4681-492A-BE4D-D3D209104423}.Release Secure|Any CPU.Build.0 = Release Secure|Any CPU
		{D27CF69D-4681-492A-BE4D-D3D209104423}.Release Secure|Any CPU.ActiveCfg = Release Secure|Any CPU
		{55B44B86-99FF-4FF0-A7CC-E4FB36E8A0ED}.Release Secure|Any CPU.Build.0 = Release Secure|Any CPU
		{55B44B86-99FF-4FF0-A7CC-E4FB36E8A0ED}.Release Secure|Any CPU.ActiveCfg = Release Secure|Any CPU
		{AD250399-6753-41B2-8B73-573F466EDBE6}.Release Secure|Any CPU.Build.0 = Release Secure|Any CPU
		{AD250399-6753-41B2-8B73-573F466EDBE6}.Release Secure|Any CPU.ActiveCfg = Release Secure|Any CPU
		{F52AA97E-180A-40ED-8F2B-09080171D6C7}.Release Secure|Any CPU.Build.0 = Release Secure|Any CPU
		{F52AA97E-180A-40ED-8F2B-09080171D6C7}.Release Secure|Any CPU.ActiveCfg = Release Secure|Any CPU
		{2747FEBC-4A9D-463A-8CE4-F16ABDC409F4}.Release Secure|Any CPU.Build.0 = Release Secure|Any CPU
		{2747FEBC-4A9D-463A-8CE4-F16ABDC409F4}.Release Secure|Any CPU.ActiveCfg = Release Secure|Any CPU
		{6350A836-106C-4C78-A6B2-A7C14D560D90}.Release Secure|x86.Build.0 = Release Secure|x86
		{6350A836-106C-4C78-A6B2-A7C14D560D90}.Release Secure|x86.ActiveCfg = Release Secure|x86
		{F2CA3F3F-B7AE-4378-B4B6-B0BA9903C67D}.Release Secure|x86.Build.0 = Release Secure|x86
		{F2CA3F3F-B7AE-4378-B4B6-B0BA9903C67D}.Release Secure|x86.ActiveCfg = Release Secure|x86
		{0641C6DB-46CF-48F2-BA91-80A07084890F}.Release Secure|x86.Build.0 = Release Secure|x86
		{0641C6DB-46CF-48F2-BA91-80A07084890F}.Release Secure|x86.ActiveCfg = Release Secure|x86
		{1FD81886-6E8C-453F-B038-3695716189BD}.Release Secure|x86.Build.0 = Release Secure|Any CPU
		{1FD81886-6E8C-453F-B038-3695716189BD}.Release Secure|x86.ActiveCfg = Debug|Any CPU
		{C95B2656-9801-44E6-937E-8AFA20FB0F05}.Release Secure|x86.Build.0 = Release Secure|Any CPU
		{C95B2656-9801-44E6-937E-8AFA20FB0F05}.Release Secure|x86.ActiveCfg = Release Secure|x86
		{279C7A4A-F932-4D73-8A4E-E3D7E2E50357}.Release Secure|x86.Build.0 = Release Secure|Any CPU
		{279C7A4A-F932-4D73-8A4E-E3D7E2E50357}.Release Secure|x86.ActiveCfg = Release Secure|x86
		{45A3F930-1A71-4B5D-905A-2CD1DD700EF6}.Release Secure|x86.Build.0 = Release Secure|Any CPU
		{45A3F930-1A71-4B5D-905A-2CD1DD700EF6}.Release Secure|x86.ActiveCfg = Release Secure|Any CPU
		{4F9EA4F5-182C-4402-B21C-CB8EB96DE958}.Release Secure|x86.Build.0 = Release Secure|Any CPU
		{4F9EA4F5-182C-4402-B21C-CB8EB96DE958}.Release Secure|x86.ActiveCfg = Debug|Any CPU
		{D27CF69D-4681-492A-BE4D-D3D209104423}.Release Secure|x86.Build.0 = Release Secure|Any CPU
		{D27CF69D-4681-492A-BE4D-D3D209104423}.Release Secure|x86.ActiveCfg = Release Secure|x86
		{55B44B86-99FF-4FF0-A7CC-E4FB36E8A0ED}.Release Secure|x86.Build.0 = Release Secure|Any CPU
		{55B44B86-99FF-4FF0-A7CC-E4FB36E8A0ED}.Release Secure|x86.ActiveCfg = Debug|Any CPU
		{AD250399-6753-41B2-8B73-573F466EDBE6}.Release Secure|x86.Build.0 = Release Secure|x86
		{AD250399-6753-41B2-8B73-573F466EDBE6}.Release Secure|x86.ActiveCfg = Release Secure|x86
		{F52AA97E-180A-40ED-8F2B-09080171D6C7}.Release Secure|x86.Build.0 = Release Secure|Any CPU
		{F52AA97E-180A-40ED-8F2B-09080171D6C7}.Release Secure|x86.ActiveCfg = Debug|Any CPU
		{2747FEBC-4A9D-463A-8CE4-F16ABDC409F4}.Release Secure|x86.Build.0 = Release Secure|Any CPU
		{2747FEBC-4A9D-463A-8CE4-F16ABDC409F4}.Release Secure|x86.ActiveCfg = Debug|Any CPU
		{2D18BE89-D210-49EB-A9DD-2246FBB3DF6D}.Debug|Any CPU.Build.0 = Debug|Any CPU
		{2D18BE89-D210-49EB-A9DD-2246FBB3DF6D}.Debug|Any CPU.ActiveCfg = Debug|Any CPU
		{2D18BE89-D210-49EB-A9DD-2246FBB3DF6D}.Debug|x86.Build.0 = Debug|Any CPU
		{2D18BE89-D210-49EB-A9DD-2246FBB3DF6D}.Debug|x86.ActiveCfg = Debug|Any CPU
		{2D18BE89-D210-49EB-A9DD-2246FBB3DF6D}.Release|Any CPU.Build.0 = Release|Any CPU
		{2D18BE89-D210-49EB-A9DD-2246FBB3DF6D}.Release|Any CPU.ActiveCfg = Release|Any CPU
		{2D18BE89-D210-49EB-A9DD-2246FBB3DF6D}.Release|x86.Build.0 = Release|Any CPU
		{2D18BE89-D210-49EB-A9DD-2246FBB3DF6D}.Release|x86.ActiveCfg = Release|Any CPU
		{2D18BE89-D210-49EB-A9DD-2246FBB3DF6D}.Release Secure|Any CPU.Build.0 = Debug|Any CPU
		{2D18BE89-D210-49EB-A9DD-2246FBB3DF6D}.Release Secure|Any CPU.ActiveCfg = Debug|Any CPU
		{2D18BE89-D210-49EB-A9DD-2246FBB3DF6D}.Release Secure|x86.Build.0 = Debug|Any CPU
		{2D18BE89-D210-49EB-A9DD-2246FBB3DF6D}.Release Secure|x86.ActiveCfg = Debug|Any CPU
	EndGlobalSection
	GlobalSection(SolutionProperties) = preSolution
		HideSolutionNode = FALSE
	EndGlobalSection
EndGlobal
